// !$*UTF8*$!
{
	archiveVersion = 1;
	classes = {
	};
	objectVersion = 46;
	objects = {

/* Begin PBXBuildFile section */
		5F9DC4ED1D70B4BC00A1CA5A /* main.m in Sources */ = {isa = PBXBuildFile; fileRef = 5F9DC4EC1D70B4BC00A1CA5A /* main.m */; };
		5F9DC4F01D70B4BC00A1CA5A /* AppDelegate.m in Sources */ = {isa = PBXBuildFile; fileRef = 5F9DC4EF1D70B4BC00A1CA5A /* AppDelegate.m */; };
		5F9DC4F31D70B4BC00A1CA5A /* RootViewController.m in Sources */ = {isa = PBXBuildFile; fileRef = 5F9DC4F21D70B4BC00A1CA5A /* RootViewController.m */; };
		5F9DC4F61D70B4BC00A1CA5A /* DataViewController.m in Sources */ = {isa = PBXBuildFile; fileRef = 5F9DC4F51D70B4BC00A1CA5A /* DataViewController.m */; };
		5F9DC4F91D70B4BC00A1CA5A /* ModelController.m in Sources */ = {isa = PBXBuildFile; fileRef = 5F9DC4F81D70B4BC00A1CA5A /* ModelController.m */; };
		5F9DC4FC1D70B4BC00A1CA5A /* Main.storyboard in Resources */ = {isa = PBXBuildFile; fileRef = 5F9DC4FA1D70B4BC00A1CA5A /* Main.storyboard */; };
		5F9DC4FE1D70B4BC00A1CA5A /* Assets.xcassets in Resources */ = {isa = PBXBuildFile; fileRef = 5F9DC4FD1D70B4BC00A1CA5A /* Assets.xcassets */; };
		5F9DC5011D70B4BC00A1CA5A /* LaunchScreen.storyboard in Resources */ = {isa = PBXBuildFile; fileRef = 5F9DC4FF1D70B4BC00A1CA5A /* LaunchScreen.storyboard */; };
		5F9DC50C1D70B4BC00A1CA5A /* QuizTests.m in Sources */ = {isa = PBXBuildFile; fileRef = 5F9DC50B1D70B4BC00A1CA5A /* QuizTests.m */; };
/* End PBXBuildFile section */

/* Begin PBXContainerItemProxy section */
		5F9DC5081D70B4BC00A1CA5A /* PBXContainerItemProxy */ = {
			isa = PBXContainerItemProxy;
			containerPortal = 5F9DC4E01D70B4BC00A1CA5A /* Project object */;
			proxyType = 1;
			remoteGlobalIDString = 5F9DC4E71D70B4BC00A1CA5A;
			remoteInfo = Quiz;
		};
/* End PBXContainerItemProxy section */

/* Begin PBXFileReference section */
		5F9DC4E81D70B4BC00A1CA5A /* Quiz.app */ = {isa = PBXFileReference; explicitFileType = wrapper.application; includeInIndex = 0; path = Quiz.app; sourceTree = BUILT_PRODUCTS_DIR; };
		5F9DC4EC1D70B4BC00A1CA5A /* main.m */ = {isa = PBXFileReference; lastKnownFileType = sourcecode.c.objc; path = main.m; sourceTree = "<group>"; };
		5F9DC4EE1D70B4BC00A1CA5A /* AppDelegate.h */ = {isa = PBXFileReference; lastKnownFileType = sourcecode.c.h; path = AppDelegate.h; sourceTree = "<group>"; };
		5F9DC4EF1D70B4BC00A1CA5A /* AppDelegate.m */ = {isa = PBXFileReference; lastKnownFileType = sourcecode.c.objc; path = AppDelegate.m; sourceTree = "<group>"; };
		5F9DC4F11D70B4BC00A1CA5A /* RootViewController.h */ = {isa = PBXFileReference; lastKnownFileType = sourcecode.c.h; path = RootViewController.h; sourceTree = "<group>"; };
		5F9DC4F21D70B4BC00A1CA5A /* RootViewController.m */ = {isa = PBXFileReference; lastKnownFileType = sourcecode.c.objc; path = RootViewController.m; sourceTree = "<group>"; };
		5F9DC4F41D70B4BC00A1CA5A /* DataViewController.h */ = {isa = PBXFileReference; lastKnownFileType = sourcecode.c.h; path = DataViewController.h; sourceTree = "<group>"; };
		5F9DC4F51D70B4BC00A1CA5A /* DataViewController.m */ = {isa = PBXFileReference; lastKnownFileType = sourcecode.c.objc; path = DataViewController.m; sourceTree = "<group>"; };
		5F9DC4F71D70B4BC00A1CA5A /* ModelController.h */ = {isa = PBXFileReference; lastKnownFileType = sourcecode.c.h; path = ModelController.h; sourceTree = "<group>"; };
		5F9DC4F81D70B4BC00A1CA5A /* ModelController.m */ = {isa = PBXFileReference; lastKnownFileType = sourcecode.c.objc; path = ModelController.m; sourceTree = "<group>"; };
		5F9DC4FB1D70B4BC00A1CA5A /* Base */ = {isa = PBXFileReference; lastKnownFileType = file.storyboard; name = Base; path = Base.lproj/Main.storyboard; sourceTree = "<group>"; };
		5F9DC4FD1D70B4BC00A1CA5A /* Assets.xcassets */ = {isa = PBXFileReference; lastKnownFileType = folder.assetcatalog; path = Assets.xcassets; sourceTree = "<group>"; };
		5F9DC5001D70B4BC00A1CA5A /* Base */ = {isa = PBXFileReference; lastKnownFileType = file.storyboard; name = Base; path = Base.lproj/LaunchScreen.storyboard; sourceTree = "<group>"; };
		5F9DC5021D70B4BC00A1CA5A /* Info.plist */ = {isa = PBXFileReference; lastKnownFileType = text.plist.xml; path = Info.plist; sourceTree = "<group>"; };
		5F9DC5071D70B4BC00A1CA5A /* QuizTests.xctest */ = {isa = PBXFileReference; explicitFileType = wrapper.cfbundle; includeInIndex = 0; path = QuizTests.xctest; sourceTree = BUILT_PRODUCTS_DIR; };
		5F9DC50B1D70B4BC00A1CA5A /* QuizTests.m */ = {isa = PBXFileReference; lastKnownFileType = sourcecode.c.objc; path = QuizTests.m; sourceTree = "<group>"; };
		5F9DC50D1D70B4BC00A1CA5A /* Info.plist */ = {isa = PBXFileReference; lastKnownFileType = text.plist.xml; path = Info.plist; sourceTree = "<group>"; };
/* End PBXFileReference section */

/* Begin PBXFrameworksBuildPhase section */
		5F9DC4E51D70B4BC00A1CA5A /* Frameworks */ = {
			isa = PBXFrameworksBuildPhase;
			buildActionMask = 2147483647;
			files = (
			);
			runOnlyForDeploymentPostprocessing = 0;
		};
		5F9DC5041D70B4BC00A1CA5A /* Frameworks */ = {
			isa = PBXFrameworksBuildPhase;
			buildActionMask = 2147483647;
			files = (
			);
			runOnlyForDeploymentPostprocessing = 0;
		};
/* End PBXFrameworksBuildPhase section */

/* Begin PBXGroup section */
		5F9DC4DF1D70B4BC00A1CA5A = {
			isa = PBXGroup;
			children = (
				5F9DC4EA1D70B4BC00A1CA5A /* Quiz */,
				5F9DC50A1D70B4BC00A1CA5A /* QuizTests */,
				5F9DC4E91D70B4BC00A1CA5A /* Products */,
			);
			sourceTree = "<group>";
		};
		5F9DC4E91D70B4BC00A1CA5A /* Products */ = {
			isa = PBXGroup;
			children = (
				5F9DC4E81D70B4BC00A1CA5A /* Quiz.app */,
				5F9DC5071D70B4BC00A1CA5A /* QuizTests.xctest */,
			);
			name = Products;
			sourceTree = "<group>";
		};
		5F9DC4EA1D70B4BC00A1CA5A /* Quiz */ = {
			isa = PBXGroup;
			children = (
				5F9DC4EE1D70B4BC00A1CA5A /* AppDelegate.h */,
				5F9DC4EF1D70B4BC00A1CA5A /* AppDelegate.m */,
				5F9DC4F11D70B4BC00A1CA5A /* RootViewController.h */,
				5F9DC4F21D70B4BC00A1CA5A /* RootViewController.m */,
				5F9DC4F41D70B4BC00A1CA5A /* DataViewController.h */,
				5F9DC4F51D70B4BC00A1CA5A /* DataViewController.m */,
				5F9DC4F71D70B4BC00A1CA5A /* ModelController.h */,
				5F9DC4F81D70B4BC00A1CA5A /* ModelController.m */,
				5F9DC4FA1D70B4BC00A1CA5A /* Main.storyboard */,
				5F9DC4FD1D70B4BC00A1CA5A /* Assets.xcassets */,
				5F9DC4FF1D70B4BC00A1CA5A /* LaunchScreen.storyboard */,
				5F9DC5021D70B4BC00A1CA5A /* Info.plist */,
				5F9DC4EB1D70B4BC00A1CA5A /* Supporting Files */,
			);
			path = Quiz;
			sourceTree = "<group>";
		};
		5F9DC4EB1D70B4BC00A1CA5A /* Supporting Files */ = {
			isa = PBXGroup;
			children = (
				5F9DC4EC1D70B4BC00A1CA5A /* main.m */,
			);
			name = "Supporting Files";
			sourceTree = "<group>";
		};
		5F9DC50A1D70B4BC00A1CA5A /* QuizTests */ = {
			isa = PBXGroup;
			children = (
				5F9DC50B1D70B4BC00A1CA5A /* QuizTests.m */,
				5F9DC50D1D70B4BC00A1CA5A /* Info.plist */,
			);
			path = QuizTests;
			sourceTree = "<group>";
		};
/* End PBXGroup section */

/* Begin PBXNativeTarget section */
		5F9DC4E71D70B4BC00A1CA5A /* Quiz */ = {
			isa = PBXNativeTarget;
			buildConfigurationList = 5F9DC5101D70B4BC00A1CA5A /* Build configuration list for PBXNativeTarget "Quiz" */;
			buildPhases = (
				5F9DC4E41D70B4BC00A1CA5A /* Sources */,
				5F9DC4E51D70B4BC00A1CA5A /* Frameworks */,
				5F9DC4E61D70B4BC00A1CA5A /* Resources */,
			);
			buildRules = (
			);
			dependencies = (
			);
			name = Quiz;
			productName = Quiz;
			productReference = 5F9DC4E81D70B4BC00A1CA5A /* Quiz.app */;
			productType = "com.apple.product-type.application";
		};
		5F9DC5061D70B4BC00A1CA5A /* QuizTests */ = {
			isa = PBXNativeTarget;
			buildConfigurationList = 5F9DC5131D70B4BC00A1CA5A /* Build configuration list for PBXNativeTarget "QuizTests" */;
			buildPhases = (
				5F9DC5031D70B4BC00A1CA5A /* Sources */,
				5F9DC5041D70B4BC00A1CA5A /* Frameworks */,
				5F9DC5051D70B4BC00A1CA5A /* Resources */,
			);
			buildRules = (
			);
			dependencies = (
				5F9DC5091D70B4BC00A1CA5A /* PBXTargetDependency */,
			);
			name = QuizTests;
			productName = QuizTests;
			productReference = 5F9DC5071D70B4BC00A1CA5A /* QuizTests.xctest */;
			productType = "com.apple.product-type.bundle.unit-test";
		};
/* End PBXNativeTarget section */

/* Begin PBXProject section */
		5F9DC4E01D70B4BC00A1CA5A /* Project object */ = {
			isa = PBXProject;
			attributes = {
				LastUpgradeCheck = 0730;
				ORGANIZATIONNAME = Pau;
				TargetAttributes = {
					5F9DC4E71D70B4BC00A1CA5A = {
						CreatedOnToolsVersion = 7.3.1;
					};
					5F9DC5061D70B4BC00A1CA5A = {
						CreatedOnToolsVersion = 7.3.1;
						TestTargetID = 5F9DC4E71D70B4BC00A1CA5A;
					};
				};
			};
			buildConfigurationList = 5F9DC4E31D70B4BC00A1CA5A /* Build configuration list for PBXProject "Quiz" */;
			compatibilityVersion = "Xcode 3.2";
			developmentRegion = English;
			hasScannedForEncodings = 0;
			knownRegions = (
				en,
				Base,
			);
			mainGroup = 5F9DC4DF1D70B4BC00A1CA5A;
			productRefGroup = 5F9DC4E91D70B4BC00A1CA5A /* Products */;
			projectDirPath = "";
			projectRoot = "";
			targets = (
				5F9DC4E71D70B4BC00A1CA5A /* Quiz */,
				5F9DC5061D70B4BC00A1CA5A /* QuizTests */,
			);
		};
/* End PBXProject section */

/* Begin PBXResourcesBuildPhase section */
		5F9DC4E61D70B4BC00A1CA5A /* Resources */ = {
			isa = PBXResourcesBuildPhase;
			buildActionMask = 2147483647;
			files = (
				5F9DC5011D70B4BC00A1CA5A /* LaunchScreen.storyboard in Resources */,
				5F9DC4FE1D70B4BC00A1CA5A /* Assets.xcassets in Resources */,
				5F9DC4FC1D70B4BC00A1CA5A /* Main.storyboard in Resources */,
			);
			runOnlyForDeploymentPostprocessing = 0;
		};
		5F9DC5051D70B4BC00A1CA5A /* Resources */ = {
			isa = PBXResourcesBuildPhase;
			buildActionMask = 2147483647;
			files = (
			);
			runOnlyForDeploymentPostprocessing = 0;
		};
/* End PBXResourcesBuildPhase section */

/* Begin PBXSourcesBuildPhase section */
		5F9DC4E41D70B4BC00A1CA5A /* Sources */ = {
			isa = PBXSourcesBuildPhase;
			buildActionMask = 2147483647;
			files = (
				5F9DC4F61D70B4BC00A1CA5A /* DataViewController.m in Sources */,
				5F9DC4F01D70B4BC00A1CA5A /* AppDelegate.m in Sources */,
				5F9DC4F91D70B4BC00A1CA5A /* ModelController.m in Sources */,
				5F9DC4ED1D70B4BC00A1CA5A /* main.m in Sources */,
				5F9DC4F31D70B4BC00A1CA5A /* RootViewController.m in Sources */,
			);
			runOnlyForDeploymentPostprocessing = 0;
		};
		5F9DC5031D70B4BC00A1CA5A /* Sources */ = {
			isa = PBXSourcesBuildPhase;
			buildActionMask = 2147483647;
			files = (
				5F9DC50C1D70B4BC00A1CA5A /* QuizTests.m in Sources */,
			);
			runOnlyForDeploymentPostprocessing = 0;
		};
/* End PBXSourcesBuildPhase section */

/* Begin PBXTargetDependency section */
		5F9DC5091D70B4BC00A1CA5A /* PBXTargetDependency */ = {
			isa = PBXTargetDependency;
			target = 5F9DC4E71D70B4BC00A1CA5A /* Quiz */;
			targetProxy = 5F9DC5081D70B4BC00A1CA5A /* PBXContainerItemProxy */;
		};
/* End PBXTargetDependency section */

/* Begin PBXVariantGroup section */
		5F9DC4FA1D70B4BC00A1CA5A /* Main.storyboard */ = {
			isa = PBXVariantGroup;
			children = (
				5F9DC4FB1D70B4BC00A1CA5A /* Base */,
			);
			name = Main.storyboard;
			sourceTree = "<group>";
		};
		5F9DC4FF1D70B4BC00A1CA5A /* LaunchScreen.storyboard */ = {
			isa = PBXVariantGroup;
			children = (
				5F9DC5001D70B4BC00A1CA5A /* Base */,
			);
			name = LaunchScreen.storyboard;
			sourceTree = "<group>";
		};
/* End PBXVariantGroup section */

/* Begin XCBuildConfiguration section */
		5F9DC50E1D70B4BC00A1CA5A /* Debug */ = {
			isa = XCBuildConfiguration;
			buildSettings = {
				ALWAYS_SEARCH_USER_PATHS = NO;
				CLANG_ANALYZER_NONNULL = YES;
				CLANG_CXX_LANGUAGE_STANDARD = "gnu++0x";
				CLANG_CXX_LIBRARY = "libc++";
				CLANG_ENABLE_MODULES = YES;
				CLANG_ENABLE_OBJC_ARC = YES;
				CLANG_WARN_BOOL_CONVERSION = YES;
				CLANG_WARN_CONSTANT_CONVERSION = YES;
				CLANG_WARN_DIRECT_OBJC_ISA_USAGE = YES_ERROR;
				CLANG_WARN_EMPTY_BODY = YES;
				CLANG_WARN_ENUM_CONVERSION = YES;
				CLANG_WARN_INT_CONVERSION = YES;
				CLANG_WARN_OBJC_ROOT_CLASS = YES_ERROR;
				CLANG_WARN_UNREACHABLE_CODE = YES;
				CLANG_WARN__DUPLICATE_METHOD_MATCH = YES;
				"CODE_SIGN_IDENTITY[sdk=iphoneos*]" = "iPhone Developer";
				COPY_PHASE_STRIP = NO;
				DEBUG_INFORMATION_FORMAT = dwarf;
				ENABLE_STRICT_OBJC_MSGSEND = YES;
				ENABLE_TESTABILITY = YES;
				GCC_C_LANGUAGE_STANDARD = gnu99;
				GCC_DYNAMIC_NO_PIC = NO;
				GCC_NO_COMMON_BLOCKS = YES;
				GCC_OPTIMIZATION_LEVEL = 0;
				GCC_PREPROCESSOR_DEFINITIONS = (
					"DEBUG=1",
					"$(inherited)",
				);
				GCC_WARN_64_TO_32_BIT_CONVERSION = YES;
				GCC_WARN_ABOUT_RETURN_TYPE = YES_ERROR;
				GCC_WARN_UNDECLARED_SELECTOR = YES;
				GCC_WARN_UNINITIALIZED_AUTOS = YES_AGGRESSIVE;
				GCC_WARN_UNUSED_FUNCTION = YES;
				GCC_WARN_UNUSED_VARIABLE = YES;
				IPHONEOS_DEPLOYMENT_TARGET = 9.3;
				MTL_ENABLE_DEBUG_INFO = YES;
				ONLY_ACTIVE_ARCH = YES;
				SDKROOT = iphoneos;
			};
			name = Debug;
		};
		5F9DC50F1D70B4BC00A1CA5A /* Release */ = {
			isa = XCBuildConfiguration;
			buildSettings = {
				ALWAYS_SEARCH_USER_PATHS = NO;
				CLANG_ANALYZER_NONNULL = YES;
				CLANG_CXX_LANGUAGE_STANDARD = "gnu++0x";
				CLANG_CXX_LIBRARY = "libc++";
				CLANG_ENABLE_MODULES = YES;
				CLANG_ENABLE_OBJC_ARC = YES;
				CLANG_WARN_BOOL_CONVERSION = YES;
				CLANG_WARN_CONSTANT_CONVERSION = YES;
				CLANG_WARN_DIRECT_OBJC_ISA_USAGE = YES_ERROR;
				CLANG_WARN_EMPTY_BODY = YES;
				CLANG_WARN_ENUM_CONVERSION = YES;
				CLANG_WARN_INT_CONVERSION = YES;
				CLANG_WARN_OBJC_ROOT_CLASS = YES_ERROR;
				CLANG_WARN_UNREACHABLE_CODE = YES;
				CLANG_WARN__DUPLICATE_METHOD_MATCH = YES;
				"CODE_SIGN_IDENTITY[sdk=iphoneos*]" = "iPhone Developer";
				COPY_PHASE_STRIP = NO;
				DEBUG_INFORMATION_FORMAT = "dwarf-with-dsym";
				ENABLE_NS_ASSERTIONS = NO;
				ENABLE_STRICT_OBJC_MSGSEND = YES;
				GCC_C_LANGUAGE_STANDARD = gnu99;
				GCC_NO_COMMON_BLOCKS = YES;
				GCC_WARN_64_TO_32_BIT_CONVERSION = YES;
				GCC_WARN_ABOUT_RETURN_TYPE = YES_ERROR;
				GCC_WARN_UNDECLARED_SELECTOR = YES;
				GCC_WARN_UNINITIALIZED_AUTOS = YES_AGGRESSIVE;
				GCC_WARN_UNUSED_FUNCTION = YES;
				GCC_WARN_UNUSED_VARIABLE = YES;
				IPHONEOS_DEPLOYMENT_TARGET = 9.3;
				MTL_ENABLE_DEBUG_INFO = NO;
				SDKROOT = iphoneos;
				VALIDATE_PRODUCT = YES;
			};
			name = Release;
		};
		5F9DC5111D70B4BC00A1CA5A /* Debug */ = {
			isa = XCBuildConfiguration;
			buildSettings = {
				ASSETCATALOG_COMPILER_APPICON_NAME = AppIcon;
				INFOPLIST_FILE = Quiz/Info.plist;
				LD_RUNPATH_SEARCH_PATHS = "$(inherited) @executable_path/Frameworks";
				PRODUCT_BUNDLE_IDENTIFIER = com.pau.Quiz;
				PRODUCT_NAME = "$(TARGET_NAME)";
			};
			name = Debug;
		};
		5F9DC5121D70B4BC00A1CA5A /* Release */ = {
			isa = XCBuildConfiguration;
			buildSettings = {
				ASSETCATALOG_COMPILER_APPICON_NAME = AppIcon;
				INFOPLIST_FILE = Quiz/Info.plist;
				LD_RUNPATH_SEARCH_PATHS = "$(inherited) @executable_path/Frameworks";
				PRODUCT_BUNDLE_IDENTIFIER = com.pau.Quiz;
				PRODUCT_NAME = "$(TARGET_NAME)";
			};
			name = Release;
		};
		5F9DC5141D70B4BC00A1CA5A /* Debug */ = {
			isa = XCBuildConfiguration;
			buildSettings = {
				BUNDLE_LOADER = "$(TEST_HOST)";
				INFOPLIST_FILE = QuizTests/Info.plist;
				LD_RUNPATH_SEARCH_PATHS = "$(inherited) @executable_path/Frameworks @loader_path/Frameworks";
				PRODUCT_BUNDLE_IDENTIFIER = com.pau.QuizTests;
				PRODUCT_NAME = "$(TARGET_NAME)";
				TEST_HOST = "$(BUILT_PRODUCTS_DIR)/Quiz.app/Quiz";
			};
			name = Debug;
		};
		5F9DC5151D70B4BC00A1CA5A /* Release */ = {
			isa = XCBuildConfiguration;
			buildSettings = {
				BUNDLE_LOADER = "$(TEST_HOST)";
				INFOPLIST_FILE = QuizTests/Info.plist;
				LD_RUNPATH_SEARCH_PATHS = "$(inherited) @executable_path/Frameworks @loader_path/Frameworks";
				PRODUCT_BUNDLE_IDENTIFIER = com.pau.QuizTests;
				PRODUCT_NAME = "$(TARGET_NAME)";
				TEST_HOST = "$(BUILT_PRODUCTS_DIR)/Quiz.app/Quiz";
			};
			name = Release;
		};
/* End XCBuildConfiguration section */

/* Begin XCConfigurationList section */
		5F9DC4E31D70B4BC00A1CA5A /* Build configuration list for PBXProject "Quiz" */ = {
			isa = XCConfigurationList;
			buildConfigurations = (
				5F9DC50E1D70B4BC00A1CA5A /* Debug */,
				5F9DC50F1D70B4BC00A1CA5A /* Release */,
			);
			defaultConfigurationIsVisible = 0;
			defaultConfigurationName = Release;
		};
		5F9DC5101D70B4BC00A1CA5A /* Build configuration list for PBXNativeTarget "Quiz" */ = {
			isa = XCConfigurationList;
			buildConfigurations = (
				5F9DC5111D70B4BC00A1CA5A /* Debug */,
				5F9DC5121D70B4BC00A1CA5A /* Release */,
			);
			defaultConfigurationIsVisible = 0;
		};
		5F9DC5131D70B4BC00A1CA5A /* Build configuration list for PBXNativeTarget "QuizTests" */ = {
			isa = XCConfigurationList;
			buildConfigurations = (
				5F9DC5141D70B4BC00A1CA5A /* Debug */,
				5F9DC5151D70B4BC00A1CA5A /* Release */,
			);
			defaultConfigurationIsVisible = 0;
		};
/* End XCConfigurationList section */
	};
	rootObject = 5F9DC4E01D70B4BC00A1CA5A /* Project object */;
}
